
Microsoft Visual Studio Solution File, Format Version 12.00
# Visual Studio Version 17
VisualStudioVersion = 17.11.35327.3
MinimumVisualStudioVersion = 10.0.40219.1
Project("{FAE04EC0-301F-11D3-BF4B-00C04F79EFBC}") = "LabZetino.Application", "LabZetino.Application\LabZetino.Application.csproj", "{19F8039A-7A9A-410D-A681-924C9827FB4D}"
EndProject
Project("{FAE04EC0-301F-11D3-BF4B-00C04F79EFBC}") = "LabZetino.Domain", "LabZetino.Domain\LabZetino.Domain.csproj", "{E21C38F5-F13D-43F6-8722-5F423D7DF033}"
EndProject
Project("{FAE04EC0-301F-11D3-BF4B-00C04F79EFBC}") = "LabZetino.Infrastructure", "LabZetino.Infrastructure\LabZetino.Infrastructure.csproj", "{2E09F3E7-0967-4B07-BBBD-07AE7909FA1E}"
EndProject
Project("{FAE04EC0-301F-11D3-BF4B-00C04F79EFBC}") = "LabZetino.Web", "LabZetino.Web\LabZetino.Web.csproj", "{B0BD1CF5-5D37-4054-B923-F58F1B372862}"
EndProject
Global
	GlobalSection(SolutionConfigurationPlatforms) = preSolution
		Debug|Any CPU = Debug|Any CPU
		Release|Any CPU = Release|Any CPU
	EndGlobalSection
	GlobalSection(ProjectConfigurationPlatforms) = postSolution
		{19F8039A-7A9A-410D-A681-924C9827FB4D}.Debug|Any CPU.ActiveCfg = Debug|Any CPU
		{19F8039A-7A9A-410D-A681-924C9827FB4D}.Debug|Any CPU.Build.0 = Debug|Any CPU
		{19F8039A-7A9A-410D-A681-924C9827FB4D}.Release|Any CPU.ActiveCfg = Release|Any CPU
		{19F8039A-7A9A-410D-A681-924C9827FB4D}.Release|Any CPU.Build.0 = Release|Any CPU
		{E21C38F5-F13D-43F6-8722-5F423D7DF033}.Debug|Any CPU.ActiveCfg = Debug|Any CPU
		{E21C38F5-F13D-43F6-8722-5F423D7DF033}.Debug|Any CPU.Build.0 = Debug|Any CPU
		{E21C38F5-F13D-43F6-8722-5F423D7DF033}.Release|Any CPU.ActiveCfg = Release|Any CPU
		{E21C38F5-F13D-43F6-8722-5F423D7DF033}.Release|Any CPU.Build.0 = Release|Any CPU
		{2E09F3E7-0967-4B07-BBBD-07AE7909FA1E}.Debug|Any CPU.ActiveCfg = Debug|Any CPU
		{2E09F3E7-0967-4B07-BBBD-07AE7909FA1E}.Debug|Any CPU.Build.0 = Debug|Any CPU
		{2E09F3E7-0967-4B07-BBBD-07AE7909FA1E}.Release|Any CPU.ActiveCfg = Release|Any CPU
		{2E09F3E7-0967-4B07-BBBD-07AE7909FA1E}.Release|Any CPU.Build.0 = Release|Any CPU
		{B0BD1CF5-5D37-4054-B923-F58F1B372862}.Debug|Any CPU.ActiveCfg = Debug|Any CPU
		{B0BD1CF5-5D37-4054-B923-F58F1B372862}.Debug|Any CPU.Build.0 = Debug|Any CPU
		{B0BD1CF5-5D37-4054-B923-F58F1B372862}.Release|Any CPU.ActiveCfg = Release|Any CPU
		{B0BD1CF5-5D37-4054-B923-F58F1B372862}.Release|Any CPU.Build.0 = Release|Any CPU
	EndGlobalSection
	GlobalSection(SolutionProperties) = preSolution
		HideSolutionNode = FALSE
	EndGlobalSection
	GlobalSection(ExtensibilityGlobals) = postSolution
		SolutionGuid = {6D0E39AD-E2F5-4EB6-A157-581C8EDE87D1}
	EndGlobalSection
EndGlobal
